
Microsoft Visual Studio Solution File, Format Version 12.00
# Visual Studio Version 17
VisualStudioVersion = 17.10.34928.147
MinimumVisualStudioVersion = 10.0.40219.1
Project("{FAE04EC0-301F-11D3-BF4B-00C04F79EFBC}") = "InvoicesAPI", "InvoicesAPI\InvoicesAPI.csproj", "{9765962A-0E4D-4CF9-874A-D3E38CF64215}"
EndProject
Global
	GlobalSection(SolutionConfigurationPlatforms) = preSolution
		Debug|Any CPU = Debug|Any CPU
		Release|Any CPU = Release|Any CPU
	EndGlobalSection
	GlobalSection(ProjectConfigurationPlatforms) = postSolution
		{9765962A-0E4D-4CF9-874A-D3E38CF64215}.Debug|Any CPU.ActiveCfg = Debug|Any CPU
		{9765962A-0E4D-4CF9-874A-D3E38CF64215}.Debug|Any CPU.Build.0 = Debug|Any CPU
		{9765962A-0E4D-4CF9-874A-D3E38CF64215}.Release|Any CPU.ActiveCfg = Release|Any CPU
		{9765962A-0E4D-4CF9-874A-D3E38CF64215}.Release|Any CPU.Build.0 = Release|Any CPU
	EndGlobalSection
	GlobalSection(SolutionProperties) = preSolution
		HideSolutionNode = FALSE
	EndGlobalSection
	GlobalSection(ExtensibilityGlobals) = postSolution
		SolutionGuid = {38BB2CE8-1F0C-42E1-BE14-E83BFC5BD02A}
	EndGlobalSection
EndGlobal
